
Microsoft Visual Studio Solution File, Format Version 12.00
# Visual Studio Version 17
VisualStudioVersion = 17.11.35312.102
MinimumVisualStudioVersion = 10.0.40219.1
Project("{FAE04EC0-301F-11D3-BF4B-00C04F79EFBC}") = "MAUI", "MAUI\MAUI.csproj", "{AD8F0623-B5EF-4886-8316-8B0E144FFCDC}"
EndProject
Project("{FAE04EC0-301F-11D3-BF4B-00C04F79EFBC}") = "ENT", "ENT\ENT.csproj", "{9DEF8F18-6EE0-49E1-896E-86328811FBDB}"
EndProject
Project("{FAE04EC0-301F-11D3-BF4B-00C04F79EFBC}") = "DAL", "DAL\DAL.csproj", "{EFC01068-E156-45F8-85CB-BA1C4FEBAD7A}"
EndProject
Project("{FAE04EC0-301F-11D3-BF4B-00C04F79EFBC}") = "BL", "BL\BL.csproj", "{CAAB623A-216E-4BEC-B44D-1FF21A683392}"
EndProject
Project("{2150E333-8FDC-42A3-9474-1A3956D46DE8}") = "Elementos de la solución", "Elementos de la solución", "{FCB68298-AC5B-4AE9-A267-E3FFCC05C256}"
	ProjectSection(SolutionItems) = preProject
		analisis.txt = analisis.txt
	EndProjectSection
EndProject
Global
	GlobalSection(SolutionConfigurationPlatforms) = preSolution
		Debug|Any CPU = Debug|Any CPU
		Release|Any CPU = Release|Any CPU
	EndGlobalSection
	GlobalSection(ProjectConfigurationPlatforms) = postSolution
		{AD8F0623-B5EF-4886-8316-8B0E144FFCDC}.Debug|Any CPU.ActiveCfg = Debug|Any CPU
		{AD8F0623-B5EF-4886-8316-8B0E144FFCDC}.Debug|Any CPU.Build.0 = Debug|Any CPU
		{AD8F0623-B5EF-4886-8316-8B0E144FFCDC}.Debug|Any CPU.Deploy.0 = Debug|Any CPU
		{AD8F0623-B5EF-4886-8316-8B0E144FFCDC}.Release|Any CPU.ActiveCfg = Release|Any CPU
		{AD8F0623-B5EF-4886-8316-8B0E144FFCDC}.Release|Any CPU.Build.0 = Release|Any CPU
		{AD8F0623-B5EF-4886-8316-8B0E144FFCDC}.Release|Any CPU.Deploy.0 = Release|Any CPU
		{9DEF8F18-6EE0-49E1-896E-86328811FBDB}.Debug|Any CPU.ActiveCfg = Debug|Any CPU
		{9DEF8F18-6EE0-49E1-896E-86328811FBDB}.Debug|Any CPU.Build.0 = Debug|Any CPU
		{9DEF8F18-6EE0-49E1-896E-86328811FBDB}.Release|Any CPU.ActiveCfg = Release|Any CPU
		{9DEF8F18-6EE0-49E1-896E-86328811FBDB}.Release|Any CPU.Build.0 = Release|Any CPU
		{EFC01068-E156-45F8-85CB-BA1C4FEBAD7A}.Debug|Any CPU.ActiveCfg = Debug|Any CPU
		{EFC01068-E156-45F8-85CB-BA1C4FEBAD7A}.Debug|Any CPU.Build.0 = Debug|Any CPU
		{EFC01068-E156-45F8-85CB-BA1C4FEBAD7A}.Release|Any CPU.ActiveCfg = Release|Any CPU
		{EFC01068-E156-45F8-85CB-BA1C4FEBAD7A}.Release|Any CPU.Build.0 = Release|Any CPU
		{CAAB623A-216E-4BEC-B44D-1FF21A683392}.Debug|Any CPU.ActiveCfg = Debug|Any CPU
		{CAAB623A-216E-4BEC-B44D-1FF21A683392}.Debug|Any CPU.Build.0 = Debug|Any CPU
		{CAAB623A-216E-4BEC-B44D-1FF21A683392}.Release|Any CPU.ActiveCfg = Release|Any CPU
		{CAAB623A-216E-4BEC-B44D-1FF21A683392}.Release|Any CPU.Build.0 = Release|Any CPU
	EndGlobalSection
	GlobalSection(SolutionProperties) = preSolution
		HideSolutionNode = FALSE
	EndGlobalSection
	GlobalSection(ExtensibilityGlobals) = postSolution
		SolutionGuid = {0D6C7023-6228-4025-937D-160B44F486F6}
	EndGlobalSection
EndGlobal
